
Microsoft Visual Studio Solution File, Format Version 12.00
Project("{FAE04EC0-301F-11D3-BF4B-00C04F79EFBC}") = "FindPath", "FindPath\FindPath.csproj", "{337A93B5-3D76-44D9-86CC-F264D2ED4160}"
EndProject
Project("{FAE04EC0-301F-11D3-BF4B-00C04F79EFBC}") = "DataStructure", "DataStructure\DataStructure.csproj", "{9DFB7174-3D3A-4EF0-96E4-0E306779F50E}"
EndProject
Global
	GlobalSection(SolutionConfigurationPlatforms) = preSolution
		Debug|Any CPU = Debug|Any CPU
		Release|Any CPU = Release|Any CPU
	EndGlobalSection
	GlobalSection(ProjectConfigurationPlatforms) = postSolution
		{337A93B5-3D76-44D9-86CC-F264D2ED4160}.Debug|Any CPU.ActiveCfg = Debug|Any CPU
		{337A93B5-3D76-44D9-86CC-F264D2ED4160}.Debug|Any CPU.Build.0 = Debug|Any CPU
		{337A93B5-3D76-44D9-86CC-F264D2ED4160}.Release|Any CPU.ActiveCfg = Release|Any CPU
		{337A93B5-3D76-44D9-86CC-F264D2ED4160}.Release|Any CPU.Build.0 = Release|Any CPU
		{9DFB7174-3D3A-4EF0-96E4-0E306779F50E}.Debug|Any CPU.ActiveCfg = Debug|Any CPU
		{9DFB7174-3D3A-4EF0-96E4-0E306779F50E}.Debug|Any CPU.Build.0 = Debug|Any CPU
		{9DFB7174-3D3A-4EF0-96E4-0E306779F50E}.Release|Any CPU.ActiveCfg = Release|Any CPU
		{9DFB7174-3D3A-4EF0-96E4-0E306779F50E}.Release|Any CPU.Build.0 = Release|Any CPU
	EndGlobalSection
EndGlobal
